
Microsoft Visual Studio Solution File, Format Version 12.00
# Visual Studio Version 17
VisualStudioVersion = 17.1.32328.378
MinimumVisualStudioVersion = 10.0.40219.1
Project("{FAE04EC0-301F-11D3-BF4B-00C04F79EFBC}") = "Figuras", "Figuras\Figuras.csproj", "{BBAB99D9-3B24-4CAF-9AFC-746DB11082F5}"
EndProject
Global
	GlobalSection(SolutionConfigurationPlatforms) = preSolution
		Debug|Any CPU = Debug|Any CPU
		Release|Any CPU = Release|Any CPU
	EndGlobalSection
	GlobalSection(ProjectConfigurationPlatforms) = postSolution
		{BBAB99D9-3B24-4CAF-9AFC-746DB11082F5}.Debug|Any CPU.ActiveCfg = Debug|Any CPU
		{BBAB99D9-3B24-4CAF-9AFC-746DB11082F5}.Debug|Any CPU.Build.0 = Debug|Any CPU
		{BBAB99D9-3B24-4CAF-9AFC-746DB11082F5}.Release|Any CPU.ActiveCfg = Release|Any CPU
		{BBAB99D9-3B24-4CAF-9AFC-746DB11082F5}.Release|Any CPU.Build.0 = Release|Any CPU
	EndGlobalSection
	GlobalSection(SolutionProperties) = preSolution
		HideSolutionNode = FALSE
	EndGlobalSection
	GlobalSection(ExtensibilityGlobals) = postSolution
		SolutionGuid = {7A43A77B-CF5E-4C0B-A05C-7F0457212097}
	EndGlobalSection
EndGlobal
